Microsoft Visual Studio Solution File, Format Version 12.00
# Visual Studio Version 17
VisualStudioVersion = 17.5.2.0
MinimumVisualStudioVersion = 10.0.40219.1
Project("{9A19103F-16F7-4668-BE54-9A1E7A4F7556}") = "OMS_App", "OMS_App.csproj", "{DBCB2FE1-3332-10E6-5F5A-B2E754B8AC27}"
EndProject
Global
	GlobalSection(SolutionConfigurationPlatforms) = preSolution
		Debug|Any CPU = Debug|Any CPU
		Release|Any CPU = Release|Any CPU
	EndGlobalSection
	GlobalSection(ProjectConfigurationPlatforms) = postSolution
		{DBCB2FE1-3332-10E6-5F5A-B2E754B8AC27}.Debug|Any CPU.ActiveCfg = Debug|Any CPU
		{DBCB2FE1-3332-10E6-5F5A-B2E754B8AC27}.Debug|Any CPU.Build.0 = Debug|Any CPU
		{DBCB2FE1-3332-10E6-5F5A-B2E754B8AC27}.Release|Any CPU.ActiveCfg = Release|Any CPU
		{DBCB2FE1-3332-10E6-5F5A-B2E754B8AC27}.Release|Any CPU.Build.0 = Release|Any CPU
	EndGlobalSection
	GlobalSection(SolutionProperties) = preSolution
		HideSolutionNode = FALSE
	EndGlobalSection
	GlobalSection(ExtensibilityGlobals) = postSolution
		SolutionGuid = {8045CE6B-7269-4D8D-B99C-D97945482F96}
	EndGlobalSection
EndGlobal
